// !$*UTF8*$!
{
	archiveVersion = 1;
	classes = {
	};
	objectVersion = 46;
	objects = {

/* Begin PBXBuildFile section */
		188812B31E530FCD008DDECA /* AppDelegate.swift in Sources */ = {isa = PBXBuildFile; fileRef = 188812B21E530FCD008DDECA /* AppDelegate.swift */; };
		188812B51E530FCD008DDECA /* CalculatorViewController.swift in Sources */ = {isa = PBXBuildFile; fileRef = 188812B41E530FCD008DDECA /* CalculatorViewController.swift */; };
		188812B81E530FCD008DDECA /* Main.storyboard in Resources */ = {isa = PBXBuildFile; fileRef = 188812B61E530FCD008DDECA /* Main.storyboard */; };
		188812BA1E530FCD008DDECA /* Assets.xcassets in Resources */ = {isa = PBXBuildFile; fileRef = 188812B91E530FCD008DDECA /* Assets.xcassets */; };
		188812BD1E530FCD008DDECA /* LaunchScreen.storyboard in Resources */ = {isa = PBXBuildFile; fileRef = 188812BB1E530FCD008DDECA /* LaunchScreen.storyboard */; };
		188812C61E53337C008DDECA /* CalculatorBrain.swift in Sources */ = {isa = PBXBuildFile; fileRef = 188812C51E53337C008DDECA /* CalculatorBrain.swift */; };
		18BC9CF01E5D4C53008514C5 /* AxesDrawer.swift in Sources */ = {isa = PBXBuildFile; fileRef = 18BC9CEF1E5D4C53008514C5 /* AxesDrawer.swift */; };
/* End PBXBuildFile section */

/* Begin PBXFileReference section */
		188812AF1E530FCD008DDECA /* Calculator.app */ = {isa = PBXFileReference; explicitFileType = wrapper.application; includeInIndex = 0; path = Calculator.app; sourceTree = BUILT_PRODUCTS_DIR; };
		188812B21E530FCD008DDECA /* AppDelegate.swift */ = {isa = PBXFileReference; lastKnownFileType = sourcecode.swift; path = AppDelegate.swift; sourceTree = "<group>"; };
		188812B41E530FCD008DDECA /* CalculatorViewController.swift */ = {isa = PBXFileReference; lastKnownFileType = sourcecode.swift; path = CalculatorViewController.swift; sourceTree = "<group>"; };
		188812B71E530FCD008DDECA /* Base */ = {isa = PBXFileReference; lastKnownFileType = file.storyboard; name = Base; path = Base.lproj/Main.storyboard; sourceTree = "<group>"; };
		188812B91E530FCD008DDECA /* Assets.xcassets */ = {isa = PBXFileReference; lastKnownFileType = folder.assetcatalog; path = Assets.xcassets; sourceTree = "<group>"; };
		188812BC1E530FCD008DDECA /* Base */ = {isa = PBXFileReference; lastKnownFileType = file.storyboard; name = Base; path = Base.lproj/LaunchScreen.storyboard; sourceTree = "<group>"; };
		188812BE1E530FCD008DDECA /* Info.plist */ = {isa = PBXFileReference; lastKnownFileType = text.plist.xml; path = Info.plist; sourceTree = "<group>"; };
		188812C51E53337C008DDECA /* CalculatorBrain.swift */ = {isa = PBXFileReference; fileEncoding = 4; lastKnownFileType = sourcecode.swift; path = CalculatorBrain.swift; sourceTree = "<group>"; };
		18BC9CEF1E5D4C53008514C5 /* AxesDrawer.swift */ = {isa = PBXFileReference; fileEncoding = 4; lastKnownFileType = sourcecode.swift; path = AxesDrawer.swift; sourceTree = "<group>"; };
/* End PBXFileReference section */

/* Begin PBXFrameworksBuildPhase section */
		188812AC1E530FCD008DDECA /* Frameworks */ = {
			isa = PBXFrameworksBuildPhase;
			buildActionMask = 2147483647;
			files = (
			);
			runOnlyForDeploymentPostprocessing = 0;
		};
/* End PBXFrameworksBuildPhase section */

/* Begin PBXGroup section */
		188812A61E530FCD008DDECA = {
			isa = PBXGroup;
			children = (
				188812B11E530FCD008DDECA /* Calculator */,
				188812B01E530FCD008DDECA /* Products */,
			);
			sourceTree = "<group>";
		};
		188812B01E530FCD008DDECA /* Products */ = {
			isa = PBXGroup;
			children = (
				188812AF1E530FCD008DDECA /* Calculator.app */,
			);
			name = Products;
			sourceTree = "<group>";
		};
		188812B11E530FCD008DDECA /* Calculator */ = {
			isa = PBXGroup;
			children = (
				188812B61E530FCD008DDECA /* Main.storyboard */,
				188812B41E530FCD008DDECA /* CalculatorViewController.swift */,
				188812C51E53337C008DDECA /* CalculatorBrain.swift */,
				18BC9CEF1E5D4C53008514C5 /* AxesDrawer.swift */,
				188812C41E53106F008DDECA /* Supporting Files */,
			);
			path = Calculator;
			sourceTree = "<group>";
		};
		188812C41E53106F008DDECA /* Supporting Files */ = {
			isa = PBXGroup;
			children = (
				188812B21E530FCD008DDECA /* AppDelegate.swift */,
				188812B91E530FCD008DDECA /* Assets.xcassets */,
				188812BB1E530FCD008DDECA /* LaunchScreen.storyboard */,
				188812BE1E530FCD008DDECA /* Info.plist */,
			);
			name = "Supporting Files";
			sourceTree = "<group>";
		};
/* End PBXGroup section */

/* Begin PBXNativeTarget section */
		188812AE1E530FCD008DDECA /* Calculator */ = {
			isa = PBXNativeTarget;
			buildConfigurationList = 188812C11E530FCD008DDECA /* Build configuration list for PBXNativeTarget "Calculator" */;
			buildPhases = (
				188812AB1E530FCD008DDECA /* Sources */,
				188812AC1E530FCD008DDECA /* Frameworks */,
				188812AD1E530FCD008DDECA /* Resources */,
			);
			buildRules = (
			);
			dependencies = (
			);
			name = Calculator;
			productName = Calculator;
			productReference = 188812AF1E530FCD008DDECA /* Calculator.app */;
			productType = "com.apple.product-type.application";
		};
/* End PBXNativeTarget section */

/* Begin PBXProject section */
		188812A71E530FCD008DDECA /* Project object */ = {
			isa = PBXProject;
			attributes = {
				LastSwiftUpdateCheck = 0820;
				LastUpgradeCheck = 0820;
				ORGANIZATIONNAME = BlueStanford;
				TargetAttributes = {
					188812AE1E530FCD008DDECA = {
						CreatedOnToolsVersion = 8.2.1;
						DevelopmentTeam = 36AQE8HEVG;
						ProvisioningStyle = Automatic;
					};
				};
			};
			buildConfigurationList = 188812AA1E530FCD008DDECA /* Build configuration list for PBXProject "Calculator" */;
			compatibilityVersion = "Xcode 3.2";
			developmentRegion = English;
			hasScannedForEncodings = 0;
			knownRegions = (
				en,
				Base,
			);
			mainGroup = 188812A61E530FCD008DDECA;
			productRefGroup = 188812B01E530FCD008DDECA /* Products */;
			projectDirPath = "";
			projectRoot = "";
			targets = (
				188812AE1E530FCD008DDECA /* Calculator */,
			);
		};
/* End PBXProject section */

/* Begin PBXResourcesBuildPhase section */
		188812AD1E530FCD008DDECA /* Resources */ = {
			isa = PBXResourcesBuildPhase;
			buildActionMask = 2147483647;
			files = (
				188812BD1E530FCD008DDECA /* LaunchScreen.storyboard in Resources */,
				188812BA1E530FCD008DDECA /* Assets.xcassets in Resources */,
				188812B81E530FCD008DDECA /* Main.storyboard in Resources */,
			);
			runOnlyForDeploymentPostprocessing = 0;
		};
/* End PBXResourcesBuildPhase section */

/* Begin PBXSourcesBuildPhase section */
		188812AB1E530FCD008DDECA /* Sources */ = {
			isa = PBXSourcesBuildPhase;
			buildActionMask = 2147483647;
			files = (
				188812C61E53337C008DDECA /* CalculatorBrain.swift in Sources */,
				18BC9CF01E5D4C53008514C5 /* AxesDrawer.swift in Sources */,
				188812B51E530FCD008DDECA /* CalculatorViewController.swift in Sources */,
				188812B31E530FCD008DDECA /* AppDelegate.swift in Sources */,
			);
			runOnlyForDeploymentPostprocessing = 0;
		};
/* End PBXSourcesBuildPhase section */

/* Begin PBXVariantGroup section */
		188812B61E530FCD008DDECA /* Main.storyboard */ = {
			isa = PBXVariantGroup;
			children = (
				188812B71E530FCD008DDECA /* Base */,
			);
			name = Main.storyboard;
			sourceTree = "<group>";
		};
		188812BB1E530FCD008DDECA /* LaunchScreen.storyboard */ = {
			isa = PBXVariantGroup;
			children = (
				188812BC1E530FCD008DDECA /* Base */,
			);
			name = LaunchScreen.storyboard;
			sourceTree = "<group>";
		};
/* End PBXVariantGroup section */

/* Begin XCBuildConfiguration section */
		188812BF1E530FCD008DDECA /* Debug */ = {
			isa = XCBuildConfiguration;
			buildSettings = {
				ALWAYS_SEARCH_USER_PATHS = NO;
				CLANG_ANALYZER_NONNULL = YES;
				CLANG_CXX_LANGUAGE_STANDARD = "gnu++0x";
				CLANG_CXX_LIBRARY = "libc++";
				CLANG_ENABLE_MODULES = YES;
				CLANG_ENABLE_OBJC_ARC = YES;
				CLANG_WARN_BOOL_CONVERSION = YES;
				CLANG_WARN_CONSTANT_CONVERSION = YES;
				CLANG_WARN_DIRECT_OBJC_ISA_USAGE = YES_ERROR;
				CLANG_WARN_DOCUMENTATION_COMMENTS = YES;
				CLANG_WARN_EMPTY_BODY = YES;
				CLANG_WARN_ENUM_CONVERSION = YES;
				CLANG_WARN_INFINITE_RECURSION = YES;
				CLANG_WARN_INT_CONVERSION = YES;
				CLANG_WARN_OBJC_ROOT_CLASS = YES_ERROR;
				CLANG_WARN_SUSPICIOUS_MOVE = YES;
				CLANG_WARN_UNREACHABLE_CODE = YES;
				CLANG_WARN__DUPLICATE_METHOD_MATCH = YES;
				"CODE_SIGN_IDENTITY[sdk=iphoneos*]" = "iPhone Developer";
				COPY_PHASE_STRIP = NO;
				DEBUG_INFORMATION_FORMAT = dwarf;
				ENABLE_STRICT_OBJC_MSGSEND = YES;
				ENABLE_TESTABILITY = YES;
				GCC_C_LANGUAGE_STANDARD = gnu99;
				GCC_DYNAMIC_NO_PIC = NO;
				GCC_NO_COMMON_BLOCKS = YES;
				GCC_OPTIMIZATION_LEVEL = 0;
				GCC_PREPROCESSOR_DEFINITIONS = (
					"DEBUG=1",
					"$(inherited)",
				);
				GCC_WARN_64_TO_32_BIT_CONVERSION = YES;
				GCC_WARN_ABOUT_RETURN_TYPE = YES_ERROR;
				GCC_WARN_UNDECLARED_SELECTOR = YES;
				GCC_WARN_UNINITIALIZED_AUTOS = YES_AGGRESSIVE;
				GCC_WARN_UNUSED_FUNCTION = YES;
				GCC_WARN_UNUSED_VARIABLE = YES;
				IPHONEOS_DEPLOYMENT_TARGET = 10.2;
				MTL_ENABLE_DEBUG_INFO = YES;
				ONLY_ACTIVE_ARCH = YES;
				SDKROOT = iphoneos;
				SWIFT_ACTIVE_COMPILATION_CONDITIONS = DEBUG;
				SWIFT_OPTIMIZATION_LEVEL = "-Onone";
				TARGETED_DEVICE_FAMILY = "1,2";
			};
			name = Debug;
		};
		188812C01E530FCD008DDECA /* Release */ = {
			isa = XCBuildConfiguration;
			buildSettings = {
				ALWAYS_SEARCH_USER_PATHS = NO;
				CLANG_ANALYZER_NONNULL = YES;
				CLANG_CXX_LANGUAGE_STANDARD = "gnu++0x";
				CLANG_CXX_LIBRARY = "libc++";
				CLANG_ENABLE_MODULES = YES;
				CLANG_ENABLE_OBJC_ARC = YES;
				CLANG_WARN_BOOL_CONVERSION = YES;
				CLANG_WARN_CONSTANT_CONVERSION = YES;
				CLANG_WARN_DIRECT_OBJC_ISA_USAGE = YES_ERROR;
				CLANG_WARN_DOCUMENTATION_COMMENTS = YES;
				CLANG_WARN_EMPTY_BODY = YES;
				CLANG_WARN_ENUM_CONVERSION = YES;
				CLANG_WARN_INFINITE_RECURSION = YES;
				CLANG_WARN_INT_CONVERSION = YES;
				CLANG_WARN_OBJC_ROOT_CLASS = YES_ERROR;
				CLANG_WARN_SUSPICIOUS_MOVE = YES;
				CLANG_WARN_UNREACHABLE_CODE = YES;
				CLANG_WARN__DUPLICATE_METHOD_MATCH = YES;
				"CODE_SIGN_IDENTITY[sdk=iphoneos*]" = "iPhone Developer";
				COPY_PHASE_STRIP = NO;
				DEBUG_INFORMATION_FORMAT = "dwarf-with-dsym";
				ENABLE_NS_ASSERTIONS = NO;
				ENABLE_STRICT_OBJC_MSGSEND = YES;
				GCC_C_LANGUAGE_STANDARD = gnu99;
				GCC_NO_COMMON_BLOCKS = YES;
				GCC_WARN_64_TO_32_BIT_CONVERSION = YES;
				GCC_WARN_ABOUT_RETURN_TYPE = YES_ERROR;
				GCC_WARN_UNDECLARED_SELECTOR = YES;
				GCC_WARN_UNINITIALIZED_AUTOS = YES_AGGRESSIVE;
				GCC_WARN_UNUSED_FUNCTION = YES;
				GCC_WARN_UNUSED_VARIABLE = YES;
				IPHONEOS_DEPLOYMENT_TARGET = 10.2;
				MTL_ENABLE_DEBUG_INFO = NO;
				SDKROOT = iphoneos;
				SWIFT_OPTIMIZATION_LEVEL = "-Owholemodule";
				TARGETED_DEVICE_FAMILY = "1,2";
				VALIDATE_PRODUCT = YES;
			};
			name = Release;
		};
		188812C21E530FCD008DDECA /* Debug */ = {
			isa = XCBuildConfiguration;
			buildSettings = {
				ASSETCATALOG_COMPILER_APPICON_NAME = AppIcon;
				DEVELOPMENT_TEAM = 36AQE8HEVG;
				INFOPLIST_FILE = Calculator/Info.plist;
				IPHONEOS_DEPLOYMENT_TARGET = 9.0;
				LD_RUNPATH_SEARCH_PATHS = "$(inherited) @executable_path/Frameworks";
				PRODUCT_BUNDLE_IDENTIFIER = BlueStanford.Calculator;
				PRODUCT_NAME = "$(TARGET_NAME)";
				SWIFT_VERSION = 3.0;
			};
			name = Debug;
		};
		188812C31E530FCD008DDECA /* Release */ = {
			isa = XCBuildConfiguration;
			buildSettings = {
				ASSETCATALOG_COMPILER_APPICON_NAME = AppIcon;
				DEVELOPMENT_TEAM = 36AQE8HEVG;
				INFOPLIST_FILE = Calculator/Info.plist;
				IPHONEOS_DEPLOYMENT_TARGET = 9.0;
				LD_RUNPATH_SEARCH_PATHS = "$(inherited) @executable_path/Frameworks";
				PRODUCT_BUNDLE_IDENTIFIER = BlueStanford.Calculator;
				PRODUCT_NAME = "$(TARGET_NAME)";
				SWIFT_VERSION = 3.0;
			};
			name = Release;
		};
/* End XCBuildConfiguration section */

/* Begin XCConfigurationList section */
		188812AA1E530FCD008DDECA /* Build configuration list for PBXProject "Calculator" */ = {
			isa = XCConfigurationList;
			buildConfigurations = (
				188812BF1E530FCD008DDECA /* Debug */,
				188812C01E530FCD008DDECA /* Release */,
			);
			defaultConfigurationIsVisible = 0;
			defaultConfigurationName = Release;
		};
		188812C11E530FCD008DDECA /* Build configuration list for PBXNativeTarget "Calculator" */ = {
			isa = XCConfigurationList;
			buildConfigurations = (
				188812C21E530FCD008DDECA /* Debug */,
				188812C31E530FCD008DDECA /* Release */,
			);
			defaultConfigurationIsVisible = 0;
			defaultConfigurationName = Release;
		};
/* End XCConfigurationList section */
	};
	rootObject = 188812A71E530FCD008DDECA /* Project object */;
}
